<?xml version="1.0" encoding="utf-8"?>
<Project ToolsVersion="4.0" xmlns="http://schemas.microsoft.com/developer/msbuild/2003">
  <ItemGroup>
    <Filter Include="ソース ファイル">
      <UniqueIdentifier>{4FC737F1-C7A5-4376-A066-2A32D752A2FF}</UniqueIdentifier>
      <Extensions>cpp;c;cc;cxx;c++;cppm;ixx;def;odl;idl;hpj;bat;asm;asmx</Extensions>
    </Filter>
    <Filter Include="ヘッダー ファイル">
      <UniqueIdentifier>{93995380-89BD-4b04-88EB-625FBE52EBFB}</UniqueIdentifier>
      <Extensions>h;hh;hpp;hxx;h++;hm;inl;inc;ipp;xsd</Extensions>
    </Filter>
    <Filter Include="リソース ファイル">
      <UniqueIdentifier>{67DA6AB6-F800-4c08-8B7A-83BB121AAD01}</UniqueIdentifier>
      <Extensions>rc;ico;cur;bmp;dlg;rc2;rct;bin;rgs;gif;jpg;jpeg;jpe;resx;tiff;tif;png;wav;mfcribbon-ms</Extensions>
    </Filter>
    <Filter Include="ヘッダー ファイル\Log">
      <UniqueIdentifier>{bfcd8b49-79ba-4e65-90ef-7ccde99931fe}</UniqueIdentifier>
    </Filter>
    <Filter Include="ヘッダー ファイル\Container">
      <UniqueIdentifier>{d276686b-d9ed-4bc7-8154-62a7469e1f65}</UniqueIdentifier>
    </Filter>
    <Filter Include="ヘッダー ファイル\Key">
      <UniqueIdentifier>{9cca6c73-6212-4f1c-9cb6-d85fc4ef63d4}</UniqueIdentifier>
    </Filter>
    <Filter Include="ヘッダー ファイル\Others">
      <UniqueIdentifier>{a6af0541-d8d4-400b-ba2e-87893485dcc3}</UniqueIdentifier>
    </Filter>
    <Filter Include="ヘッダー ファイル\Bit">
      <UniqueIdentifier>{387009e3-246d-4330-82ec-63ae9a5a34c8}</UniqueIdentifier>
    </Filter>
    <Filter Include="ヘッダー ファイル\DirectX">
      <UniqueIdentifier>{4065fc88-cdc9-49e2-8122-27068bd79776}</UniqueIdentifier>
    </Filter>
    <Filter Include="ヘッダー ファイル\ID">
      <UniqueIdentifier>{782070f3-cab1-4ce3-a77a-a057a6c73782}</UniqueIdentifier>
    </Filter>
    <Filter Include="ヘッダー ファイル\Enum">
      <UniqueIdentifier>{d74d2cbf-f85b-4aaa-a7ba-8cf7ecc1d82f}</UniqueIdentifier>
    </Filter>
  </ItemGroup>
  <ItemGroup>
    <ClInclude Include="ItemsHeader\Log\LogStruct.h">
      <Filter>ヘッダー ファイル\Log</Filter>
    </ClInclude>
    <ClInclude Include="ItemsHeader\Log\LogStructFactory.h">
      <Filter>ヘッダー ファイル\Log</Filter>
    </ClInclude>
    <ClInclude Include="ItemsHeader\Container\ReferenceQueue.h">
      <Filter>ヘッダー ファイル\Container</Filter>
    </ClInclude>
    <ClInclude Include="ItemsHeader\Key\KeyConverterBase.h">
      <Filter>ヘッダー ファイル\Key</Filter>
    </ClInclude>
    <ClInclude Include="ItemsHeader\Container\UnorderedMapBase.h">
      <Filter>ヘッダー ファイル\Container</Filter>
    </ClInclude>
    <ClInclude Include="ItemsHeader\Others\NonCopyableBase.h">
      <Filter>ヘッダー ファイル\Others</Filter>
    </ClInclude>
    <ClInclude Include="ItemsHeader\Others\CircularIndex.h">
      <Filter>ヘッダー ファイル\Others</Filter>
    </ClInclude>
    <ClInclude Include="ItemsHeader\Bit\BitFlag.h">
      <Filter>ヘッダー ファイル\Bit</Filter>
    </ClInclude>
    <ClInclude Include="ItemsHeader\DirectX\DirectXMatrix.h">
      <Filter>ヘッダー ファイル\DirectX</Filter>
    </ClInclude>
    <ClInclude Include="ItemsHeader\ID\IDBase.h">
      <Filter>ヘッダー ファイル\ID</Filter>
    </ClInclude>
    <ClInclude Include="ItemsHeader\Key\FeistelKeyConverter.h">
      <Filter>ヘッダー ファイル\Key</Filter>
    </ClInclude>
    <ClInclude Include="ItemsHeader\Container\KeyMap.h">
      <Filter>ヘッダー ファイル\Container</Filter>
    </ClInclude>
    <ClInclude Include="resource.h">
      <Filter>ヘッダー ファイル</Filter>
    </ClInclude>
    <ClInclude Include="ItemsHeader\Enum\EnumToIndex.h">
      <Filter>ヘッダー ファイル\Enum</Filter>
    </ClInclude>
    <ClInclude Include="ItemsHeader\Enum\EnumArray.h">
      <Filter>ヘッダー ファイル\Enum</Filter>
    </ClInclude>
    <ClInclude Include="ItemsHeader\Container\ExampleMap.h">
      <Filter>ヘッダー ファイル\Container</Filter>
    </ClInclude>
  </ItemGroup>
  <ItemGroup>
    <ClCompile Include="Entry\Entry.cpp">
      <Filter>ソース ファイル</Filter>
    </ClCompile>
  </ItemGroup>
</Project>